
Microsoft Visual Studio Solution File, Format Version 12.00
# Visual Studio Version 17
VisualStudioVersion = 17.11.35312.102
MinimumVisualStudioVersion = 10.0.40219.1
Project("{FAE04EC0-301F-11D3-BF4B-00C04F79EFBC}") = "ModeloBdClases", "ModeloBdClases\ModeloBdClases.csproj", "{00D91B3D-2FBE-4638-8EFB-53F6496BE910}"
EndProject
Project("{FAE04EC0-301F-11D3-BF4B-00C04F79EFBC}") = "Interfaces", "Interfaces\Interfaces.csproj", "{777B62FB-0530-4F14-979A-4F52ECDF75FC}"
EndProject
Global
	GlobalSection(SolutionConfigurationPlatforms) = preSolution
		Debug|Any CPU = Debug|Any CPU
		Release|Any CPU = Release|Any CPU
	EndGlobalSection
	GlobalSection(ProjectConfigurationPlatforms) = postSolution
		{00D91B3D-2FBE-4638-8EFB-53F6496BE910}.Debug|Any CPU.ActiveCfg = Debug|Any CPU
		{00D91B3D-2FBE-4638-8EFB-53F6496BE910}.Debug|Any CPU.Build.0 = Debug|Any CPU
		{00D91B3D-2FBE-4638-8EFB-53F6496BE910}.Release|Any CPU.ActiveCfg = Release|Any CPU
		{00D91B3D-2FBE-4638-8EFB-53F6496BE910}.Release|Any CPU.Build.0 = Release|Any CPU
		{777B62FB-0530-4F14-979A-4F52ECDF75FC}.Debug|Any CPU.ActiveCfg = Debug|Any CPU
		{777B62FB-0530-4F14-979A-4F52ECDF75FC}.Debug|Any CPU.Build.0 = Debug|Any CPU
		{777B62FB-0530-4F14-979A-4F52ECDF75FC}.Debug|Any CPU.Deploy.0 = Debug|Any CPU
		{777B62FB-0530-4F14-979A-4F52ECDF75FC}.Release|Any CPU.ActiveCfg = Release|Any CPU
		{777B62FB-0530-4F14-979A-4F52ECDF75FC}.Release|Any CPU.Build.0 = Release|Any CPU
		{777B62FB-0530-4F14-979A-4F52ECDF75FC}.Release|Any CPU.Deploy.0 = Release|Any CPU
	EndGlobalSection
	GlobalSection(SolutionProperties) = preSolution
		HideSolutionNode = FALSE
	EndGlobalSection
	GlobalSection(ExtensibilityGlobals) = postSolution
		SolutionGuid = {4015751B-A55D-497E-A58C-2E7B361AE8D3}
	EndGlobalSection
EndGlobal
